
Microsoft Visual Studio Solution File, Format Version 12.00
# Visual Studio Version 17
VisualStudioVersion = 17.8.34330.188
MinimumVisualStudioVersion = 10.0.40219.1
Project("{FAE04EC0-301F-11D3-BF4B-00C04F79EFBC}") = "QuanLyThuVien_GUI", "QuanLyThuVien_GUI\QuanLyThuVien_GUI.csproj", "{B5D0A38C-B361-4851-8FD5-892F5447F513}"
EndProject
Project("{FAE04EC0-301F-11D3-BF4B-00C04F79EFBC}") = "QuanLyThuVien_BUS", "QuanLyThuVien_BUS\QuanLyThuVien_BUS.csproj", "{D5DCF8CF-BD17-4323-AACD-7AECFD80D7F5}"
EndProject
Project("{FAE04EC0-301F-11D3-BF4B-00C04F79EFBC}") = "QuanLyThuVien_DAO", "QuanLyThuVien_DAO\QuanLyThuVien_DAO.csproj", "{45FA0D08-3060-4D27-BFAC-9F8779C25F63}"
EndProject
Project("{FAE04EC0-301F-11D3-BF4B-00C04F79EFBC}") = "QuanLyThuVien_DTO", "QuanLyThuVien_DTO\QuanLyThuVien_DTO.csproj", "{8F827F7C-81F0-45E4-8B5B-D657F25C2121}"
EndProject
Global
	GlobalSection(SolutionConfigurationPlatforms) = preSolution
		Debug|Any CPU = Debug|Any CPU
		Release|Any CPU = Release|Any CPU
	EndGlobalSection
	GlobalSection(ProjectConfigurationPlatforms) = postSolution
		{B5D0A38C-B361-4851-8FD5-892F5447F513}.Debug|Any CPU.ActiveCfg = Debug|Any CPU
		{B5D0A38C-B361-4851-8FD5-892F5447F513}.Debug|Any CPU.Build.0 = Debug|Any CPU
		{B5D0A38C-B361-4851-8FD5-892F5447F513}.Release|Any CPU.ActiveCfg = Release|Any CPU
		{B5D0A38C-B361-4851-8FD5-892F5447F513}.Release|Any CPU.Build.0 = Release|Any CPU
		{D5DCF8CF-BD17-4323-AACD-7AECFD80D7F5}.Debug|Any CPU.ActiveCfg = Debug|Any CPU
		{D5DCF8CF-BD17-4323-AACD-7AECFD80D7F5}.Debug|Any CPU.Build.0 = Debug|Any CPU
		{D5DCF8CF-BD17-4323-AACD-7AECFD80D7F5}.Release|Any CPU.ActiveCfg = Release|Any CPU
		{D5DCF8CF-BD17-4323-AACD-7AECFD80D7F5}.Release|Any CPU.Build.0 = Release|Any CPU
		{45FA0D08-3060-4D27-BFAC-9F8779C25F63}.Debug|Any CPU.ActiveCfg = Debug|Any CPU
		{45FA0D08-3060-4D27-BFAC-9F8779C25F63}.Debug|Any CPU.Build.0 = Debug|Any CPU
		{45FA0D08-3060-4D27-BFAC-9F8779C25F63}.Release|Any CPU.ActiveCfg = Release|Any CPU
		{45FA0D08-3060-4D27-BFAC-9F8779C25F63}.Release|Any CPU.Build.0 = Release|Any CPU
		{8F827F7C-81F0-45E4-8B5B-D657F25C2121}.Debug|Any CPU.ActiveCfg = Debug|Any CPU
		{8F827F7C-81F0-45E4-8B5B-D657F25C2121}.Debug|Any CPU.Build.0 = Debug|Any CPU
		{8F827F7C-81F0-45E4-8B5B-D657F25C2121}.Release|Any CPU.ActiveCfg = Release|Any CPU
		{8F827F7C-81F0-45E4-8B5B-D657F25C2121}.Release|Any CPU.Build.0 = Release|Any CPU
	EndGlobalSection
	GlobalSection(SolutionProperties) = preSolution
		HideSolutionNode = FALSE
	EndGlobalSection
	GlobalSection(ExtensibilityGlobals) = postSolution
		SolutionGuid = {AA83EED8-BB5B-4368-8476-40F1C6CDADBC}
	EndGlobalSection
EndGlobal
